
Microsoft Visual Studio Solution File, Format Version 12.00
# Visual Studio Version 17
VisualStudioVersion = 17.3.32825.248
MinimumVisualStudioVersion = 10.0.40219.1
Project("{FAE04EC0-301F-11D3-BF4B-00C04F79EFBC}") = "Project1 Computational 109843", "Project1 Computational 109843\Project1 Computational 109843.csproj", "{B8F2DA5E-DEDE-4E9C-B6FA-DB6064E34F7A}"
EndProject
Global
	GlobalSection(SolutionConfigurationPlatforms) = preSolution
		Debug|Any CPU = Debug|Any CPU
		Release|Any CPU = Release|Any CPU
	EndGlobalSection
	GlobalSection(ProjectConfigurationPlatforms) = postSolution
		{B8F2DA5E-DEDE-4E9C-B6FA-DB6064E34F7A}.Debug|Any CPU.ActiveCfg = Debug|Any CPU
		{B8F2DA5E-DEDE-4E9C-B6FA-DB6064E34F7A}.Debug|Any CPU.Build.0 = Debug|Any CPU
		{B8F2DA5E-DEDE-4E9C-B6FA-DB6064E34F7A}.Release|Any CPU.ActiveCfg = Release|Any CPU
		{B8F2DA5E-DEDE-4E9C-B6FA-DB6064E34F7A}.Release|Any CPU.Build.0 = Release|Any CPU
	EndGlobalSection
	GlobalSection(SolutionProperties) = preSolution
		HideSolutionNode = FALSE
	EndGlobalSection
	GlobalSection(ExtensibilityGlobals) = postSolution
		SolutionGuid = {F29AD11A-6542-4FEA-B2E3-B77322811CFA}
	EndGlobalSection
EndGlobal
